[[package]]
name = "pybind11"
version = "2.9.2"
description = "Seamless operability between C++11 and Python"
category = "main"
optional = false
python-versions = "!=3.0.*,!=3.1.*,!=3.2.*,!=3.3.*,!=3.4.*,>=2.7"

[package.extras]
global = ["pybind11-global (==2.9.2)"]

[metadata]
lock-version = "1.1"
python-versions = "^3.9"
content-hash = "211a59a676a003bdc3b5b56032e26e5fed0ed3b34f885f964d99064d3455095a"

[metadata.files]
pybind11 = [
    {file = "pybind11-2.9.2-py2.py3-none-any.whl", hash = "sha256:20f56674da31c96bca7569b91e60f2bd30d693f0728541412ec927574f7bc9df"},
    {file = "pybind11-2.9.2.tar.gz", hash = "sha256:e5541f8bccf9111d1a94f7897593b55c4cf1a28d5e8cfc8225a855651f011071"},
]
